<?xml version="1.0" encoding="utf-8"?>
<Project ToolsVersion="4.0" xmlns="http://schemas.microsoft.com/developer/msbuild/2003">
  <ItemGroup>
    <Filter Include="Header Files">
      <UniqueIdentifier>{93995380-89BD-4b04-88EB-625FBE52EBFB}</UniqueIdentifier>
      <Extensions>h;hh;hpp;hxx;hm;inl;inc;xsd</Extensions>
    </Filter>
    <Filter Include="Resource Files">
      <UniqueIdentifier>{67DA6AB6-F800-4c08-8B7A-83BB121AAD01}</UniqueIdentifier>
      <Extensions>rc;ico;cur;bmp;dlg;rc2;rct;bin;rgs;gif;jpg;jpeg;jpe;resx;tiff;tif;png;wav;mfcribbon-ms</Extensions>
    </Filter>
    <Filter Include="Resource Files\Source Files">
      <UniqueIdentifier>{4FC737F1-C7A5-4376-A066-2A32D752A2FF}</UniqueIdentifier>
      <Extensions>cpp;c;cc;cxx;def;odl;idl;hpj;bat;asm;asmx</Extensions>
    </Filter>
  </ItemGroup>
  <ItemGroup>
    <None Include="packages.config" />
  </ItemGroup>
  <ItemGroup>
    <ClCompile Include="main_script.cpp">
      <Filter>Resource Files\Source Files</Filter>
    </ClCompile>
    <ClCompile Include="box_script.cpp">
      <Filter>Resource Files\Source Files</Filter>
    </ClCompile>
    <ClCompile Include="table_script.cpp">
      <Filter>Resource Files\Source Files</Filter>
    </ClCompile>
    <ClCompile Include="ball_script.cpp">
      <Filter>Resource Files\Source Files</Filter>
    </ClCompile>
    <ClCompile Include="object_control_script.cpp">
      <Filter>Resource Files\Source Files</Filter>
    </ClCompile>
    <ClCompile Include="timer_script.cpp">
      <Filter>Resource Files\Source Files</Filter>
    </ClCompile>
    <ClCompile Include="sight_script.cpp">
      <Filter>Resource Files\Source Files</Filter>
    </ClCompile>
    <ClCompile Include="que_script.cpp">
      <Filter>Resource Files\Source Files</Filter>
    </ClCompile>
    <ClCompile Include="collision_script.cpp">
      <Filter>Resource Files\Source Files</Filter>
    </ClCompile>
    <ClCompile Include="texture.cpp">
      <Filter>Resource Files\Source Files</Filter>
    </ClCompile>
    <ClCompile Include="quaternion.cpp">
      <Filter>Resource Files\Source Files</Filter>
    </ClCompile>
  </ItemGroup>
  <ItemGroup>
    <ClInclude Include="billiards_header.h">
      <Filter>Resource Files\Source Files</Filter>
    </ClInclude>
    <ClInclude Include="constant_header.h">
      <Filter>Resource Files\Source Files</Filter>
    </ClInclude>
    <ClInclude Include="opencv.h">
      <Filter>Resource Files\Source Files</Filter>
    </ClInclude>
    <ClInclude Include="glext.h">
      <Filter>Resource Files\Source Files</Filter>
    </ClInclude>
  </ItemGroup>
</Project>